
Microsoft Visual Studio Solution File, Format Version 12.00
# Visual Studio Version 16
VisualStudioVersion = 16.0.28803.156
MinimumVisualStudioVersion = 10.0.40219.1
Project("{FAE04EC0-301F-11D3-BF4B-00C04F79EFBC}") = "JobShopScheduling", "JobShopScheduling\JobShopScheduling.csproj", "{3D3DBB8D-AB76-4A8B-8873-5438F3428A60}"
EndProject
Global
	GlobalSection(SolutionConfigurationPlatforms) = preSolution
		Debug|Any CPU = Debug|Any CPU
		Release|Any CPU = Release|Any CPU
	EndGlobalSection
	GlobalSection(ProjectConfigurationPlatforms) = postSolution
		{3D3DBB8D-AB76-4A8B-8873-5438F3428A60}.Debug|Any CPU.ActiveCfg = Debug|Any CPU
		{3D3DBB8D-AB76-4A8B-8873-5438F3428A60}.Debug|Any CPU.Build.0 = Debug|Any CPU
		{3D3DBB8D-AB76-4A8B-8873-5438F3428A60}.Release|Any CPU.ActiveCfg = Release|Any CPU
		{3D3DBB8D-AB76-4A8B-8873-5438F3428A60}.Release|Any CPU.Build.0 = Release|Any CPU
	EndGlobalSection
	GlobalSection(SolutionProperties) = preSolution
		HideSolutionNode = FALSE
	EndGlobalSection
	GlobalSection(ExtensibilityGlobals) = postSolution
		SolutionGuid = {C32218A2-AEB6-47BF-9921-9997D3FE3E2E}
	EndGlobalSection
EndGlobal
